
Microsoft Visual Studio Solution File, Format Version 12.00
# Visual Studio 14
VisualStudioVersion = 14.0.25420.1
MinimumVisualStudioVersion = 10.0.40219.1
Project("{FAE04EC0-301F-11D3-BF4B-00C04F79EFBC}") = "SpendFixBot", "SpendFixBot\SpendFixBot.csproj", "{446012E3-91BE-4B72-8A9C-C28E68B6CBF3}"
	ProjectSection(ProjectDependencies) = postProject
		{1C3FD16F-77AB-4179-AD2B-59A7078056EB} = {1C3FD16F-77AB-4179-AD2B-59A7078056EB}
	EndProjectSection
EndProject
Project("{FAE04EC0-301F-11D3-BF4B-00C04F79EFBC}") = "SpendingDatabase", "SpendingDatabase\SpendingDatabase.csproj", "{1C3FD16F-77AB-4179-AD2B-59A7078056EB}"
EndProject
Project("{FAE04EC0-301F-11D3-BF4B-00C04F79EFBC}") = "TextDetection", "TextDetection\TextDetection.csproj", "{15740795-CAE2-412E-81DE-6BA15721C460}"
EndProject
Global
	GlobalSection(SolutionConfigurationPlatforms) = preSolution
		Debug|Any CPU = Debug|Any CPU
		Release|Any CPU = Release|Any CPU
	EndGlobalSection
	GlobalSection(ProjectConfigurationPlatforms) = postSolution
		{446012E3-91BE-4B72-8A9C-C28E68B6CBF3}.Debug|Any CPU.ActiveCfg = Debug|Any CPU
		{446012E3-91BE-4B72-8A9C-C28E68B6CBF3}.Debug|Any CPU.Build.0 = Debug|Any CPU
		{446012E3-91BE-4B72-8A9C-C28E68B6CBF3}.Release|Any CPU.ActiveCfg = Release|Any CPU
		{446012E3-91BE-4B72-8A9C-C28E68B6CBF3}.Release|Any CPU.Build.0 = Release|Any CPU
		{1C3FD16F-77AB-4179-AD2B-59A7078056EB}.Debug|Any CPU.ActiveCfg = Debug|Any CPU
		{1C3FD16F-77AB-4179-AD2B-59A7078056EB}.Debug|Any CPU.Build.0 = Debug|Any CPU
		{1C3FD16F-77AB-4179-AD2B-59A7078056EB}.Release|Any CPU.ActiveCfg = Release|Any CPU
		{1C3FD16F-77AB-4179-AD2B-59A7078056EB}.Release|Any CPU.Build.0 = Release|Any CPU
		{15740795-CAE2-412E-81DE-6BA15721C460}.Debug|Any CPU.ActiveCfg = Debug|Any CPU
		{15740795-CAE2-412E-81DE-6BA15721C460}.Debug|Any CPU.Build.0 = Debug|Any CPU
		{15740795-CAE2-412E-81DE-6BA15721C460}.Release|Any CPU.ActiveCfg = Release|Any CPU
		{15740795-CAE2-412E-81DE-6BA15721C460}.Release|Any CPU.Build.0 = Release|Any CPU
	EndGlobalSection
	GlobalSection(SolutionProperties) = preSolution
		HideSolutionNode = FALSE
	EndGlobalSection
EndGlobal
